
Microsoft Visual Studio Solution File, Format Version 12.00
# Visual Studio Version 17
VisualStudioVersion = 17.3.32901.215
MinimumVisualStudioVersion = 10.0.40219.1
Project("{FAE04EC0-301F-11D3-BF4B-00C04F79EFBC}") = "FromDatabaseToTemplate", "FromDatabaseToTemplate\FromDatabaseToTemplate.csproj", "{DFCE7118-04C8-440A-A121-0993CA166949}"
EndProject
Global
	GlobalSection(SolutionConfigurationPlatforms) = preSolution
		Debug|Any CPU = Debug|Any CPU
		Release|Any CPU = Release|Any CPU
	EndGlobalSection
	GlobalSection(ProjectConfigurationPlatforms) = postSolution
		{DFCE7118-04C8-440A-A121-0993CA166949}.Debug|Any CPU.ActiveCfg = Debug|Any CPU
		{DFCE7118-04C8-440A-A121-0993CA166949}.Debug|Any CPU.Build.0 = Debug|Any CPU
		{DFCE7118-04C8-440A-A121-0993CA166949}.Release|Any CPU.ActiveCfg = Release|Any CPU
		{DFCE7118-04C8-440A-A121-0993CA166949}.Release|Any CPU.Build.0 = Release|Any CPU
	EndGlobalSection
	GlobalSection(SolutionProperties) = preSolution
		HideSolutionNode = FALSE
	EndGlobalSection
	GlobalSection(ExtensibilityGlobals) = postSolution
		SolutionGuid = {2B289100-54A4-4B1F-8489-DA2C384ED9B2}
	EndGlobalSection
EndGlobal
